// !$*UTF8*$!
{
	archiveVersion = 1;
	classes = {
	};
	objectVersion = 46;
	objects = {

/* Begin PBXBuildFile section */
		B39174DE1D9460FC0019CE14 /* AppDelegate.swift in Sources */ = {isa = PBXBuildFile; fileRef = B39174DD1D9460FC0019CE14 /* AppDelegate.swift */; };
		B39174E01D9460FC0019CE14 /* CalculatorViewController.swift in Sources */ = {isa = PBXBuildFile; fileRef = B39174DF1D9460FC0019CE14 /* CalculatorViewController.swift */; };
		B39174E31D9460FC0019CE14 /* Main.storyboard in Resources */ = {isa = PBXBuildFile; fileRef = B39174E11D9460FC0019CE14 /* Main.storyboard */; };
		B39174E81D9460FC0019CE14 /* LaunchScreen.storyboard in Resources */ = {isa = PBXBuildFile; fileRef = B39174E61D9460FC0019CE14 /* LaunchScreen.storyboard */; };
		B39174F31D9497760019CE14 /* Assets.xcassets in Resources */ = {isa = PBXBuildFile; fileRef = B39174F21D9497760019CE14 /* Assets.xcassets */; };
/* End PBXBuildFile section */

/* Begin PBXFileReference section */
		B39174DA1D9460FC0019CE14 /* TipCalculator.app */ = {isa = PBXFileReference; explicitFileType = wrapper.application; includeInIndex = 0; path = TipCalculator.app; sourceTree = BUILT_PRODUCTS_DIR; };
		B39174DD1D9460FC0019CE14 /* AppDelegate.swift */ = {isa = PBXFileReference; lastKnownFileType = sourcecode.swift; path = AppDelegate.swift; sourceTree = "<group>"; };
		B39174DF1D9460FC0019CE14 /* CalculatorViewController.swift */ = {isa = PBXFileReference; lastKnownFileType = sourcecode.swift; path = CalculatorViewController.swift; sourceTree = "<group>"; };
		B39174E21D9460FC0019CE14 /* Base */ = {isa = PBXFileReference; lastKnownFileType = file.storyboard; name = Base; path = Base.lproj/Main.storyboard; sourceTree = "<group>"; };
		B39174E71D9460FC0019CE14 /* Base */ = {isa = PBXFileReference; lastKnownFileType = file.storyboard; name = Base; path = Base.lproj/LaunchScreen.storyboard; sourceTree = "<group>"; };
		B39174E91D9460FC0019CE14 /* Info.plist */ = {isa = PBXFileReference; lastKnownFileType = text.plist.xml; path = Info.plist; sourceTree = "<group>"; };
		B39174F21D9497760019CE14 /* Assets.xcassets */ = {isa = PBXFileReference; lastKnownFileType = folder.assetcatalog; path = Assets.xcassets; sourceTree = "<group>"; };
/* End PBXFileReference section */

/* Begin PBXFrameworksBuildPhase section */
		B39174D71D9460FC0019CE14 /* Frameworks */ = {
			isa = PBXFrameworksBuildPhase;
			buildActionMask = 2147483647;
			files = (
			);
			runOnlyForDeploymentPostprocessing = 0;
		};
/* End PBXFrameworksBuildPhase section */

/* Begin PBXGroup section */
		B39174D11D9460FC0019CE14 = {
			isa = PBXGroup;
			children = (
				B39174DC1D9460FC0019CE14 /* TipCalculator */,
				B39174DB1D9460FC0019CE14 /* Products */,
			);
			sourceTree = "<group>";
		};
		B39174DB1D9460FC0019CE14 /* Products */ = {
			isa = PBXGroup;
			children = (
				B39174DA1D9460FC0019CE14 /* TipCalculator.app */,
			);
			name = Products;
			sourceTree = "<group>";
		};
		B39174DC1D9460FC0019CE14 /* TipCalculator */ = {
			isa = PBXGroup;
			children = (
				B39174DF1D9460FC0019CE14 /* CalculatorViewController.swift */,
				B39174E11D9460FC0019CE14 /* Main.storyboard */,
				B39174EF1D9461090019CE14 /* Supporting Files */,
			);
			path = TipCalculator;
			sourceTree = "<group>";
		};
		B39174EF1D9461090019CE14 /* Supporting Files */ = {
			isa = PBXGroup;
			children = (
				B39174F21D9497760019CE14 /* Assets.xcassets */,
				B39174DD1D9460FC0019CE14 /* AppDelegate.swift */,
				B39174E61D9460FC0019CE14 /* LaunchScreen.storyboard */,
				B39174E91D9460FC0019CE14 /* Info.plist */,
			);
			name = "Supporting Files";
			sourceTree = "<group>";
		};
/* End PBXGroup section */

/* Begin PBXNativeTarget section */
		B39174D91D9460FC0019CE14 /* TipCalculator */ = {
			isa = PBXNativeTarget;
			buildConfigurationList = B39174EC1D9460FC0019CE14 /* Build configuration list for PBXNativeTarget "TipCalculator" */;
			buildPhases = (
				B39174D61D9460FC0019CE14 /* Sources */,
				B39174D71D9460FC0019CE14 /* Frameworks */,
				B39174D81D9460FC0019CE14 /* Resources */,
			);
			buildRules = (
			);
			dependencies = (
			);
			name = TipCalculator;
			productName = TipCalculator;
			productReference = B39174DA1D9460FC0019CE14 /* TipCalculator.app */;
			productType = "com.apple.product-type.application";
		};
/* End PBXNativeTarget section */

/* Begin PBXProject section */
		B39174D21D9460FC0019CE14 /* Project object */ = {
			isa = PBXProject;
			attributes = {
				LastSwiftUpdateCheck = 0730;
				LastUpgradeCheck = 0730;
				ORGANIZATIONNAME = "Naomi Petrash";
				TargetAttributes = {
					B39174D91D9460FC0019CE14 = {
						CreatedOnToolsVersion = 7.3.1;
						DevelopmentTeam = 3VC6F94XE5;
					};
				};
			};
			buildConfigurationList = B39174D51D9460FC0019CE14 /* Build configuration list for PBXProject "TipCalculator" */;
			compatibilityVersion = "Xcode 3.2";
			developmentRegion = English;
			hasScannedForEncodings = 0;
			knownRegions = (
				en,
				Base,
			);
			mainGroup = B39174D11D9460FC0019CE14;
			productRefGroup = B39174DB1D9460FC0019CE14 /* Products */;
			projectDirPath = "";
			projectRoot = "";
			targets = (
				B39174D91D9460FC0019CE14 /* TipCalculator */,
			);
		};
/* End PBXProject section */

/* Begin PBXResourcesBuildPhase section */
		B39174D81D9460FC0019CE14 /* Resources */ = {
			isa = PBXResourcesBuildPhase;
			buildActionMask = 2147483647;
			files = (
				B39174E81D9460FC0019CE14 /* LaunchScreen.storyboard in Resources */,
				B39174F31D9497760019CE14 /* Assets.xcassets in Resources */,
				B39174E31D9460FC0019CE14 /* Main.storyboard in Resources */,
			);
			runOnlyForDeploymentPostprocessing = 0;
		};
/* End PBXResourcesBuildPhase section */

/* Begin PBXSourcesBuildPhase section */
		B39174D61D9460FC0019CE14 /* Sources */ = {
			isa = PBXSourcesBuildPhase;
			buildActionMask = 2147483647;
			files = (
				B39174E01D9460FC0019CE14 /* CalculatorViewController.swift in Sources */,
				B39174DE1D9460FC0019CE14 /* AppDelegate.swift in Sources */,
			);
			runOnlyForDeploymentPostprocessing = 0;
		};
/* End PBXSourcesBuildPhase section */

/* Begin PBXVariantGroup section */
		B39174E11D9460FC0019CE14 /* Main.storyboard */ = {
			isa = PBXVariantGroup;
			children = (
				B39174E21D9460FC0019CE14 /* Base */,
			);
			name = Main.storyboard;
			sourceTree = "<group>";
		};
		B39174E61D9460FC0019CE14 /* LaunchScreen.storyboard */ = {
			isa = PBXVariantGroup;
			children = (
				B39174E71D9460FC0019CE14 /* Base */,
			);
			name = LaunchScreen.storyboard;
			sourceTree = "<group>";
		};
/* End PBXVariantGroup section */

/* Begin XCBuildConfiguration section */
		B39174EA1D9460FC0019CE14 /* Debug */ = {
			isa = XCBuildConfiguration;
			buildSettings = {
				ALWAYS_SEARCH_USER_PATHS = NO;
				CLANG_ANALYZER_NONNULL = YES;
				CLANG_CXX_LANGUAGE_STANDARD = "gnu++0x";
				CLANG_CXX_LIBRARY = "libc++";
				CLANG_ENABLE_MODULES = YES;
				CLANG_ENABLE_OBJC_ARC = YES;
				CLANG_WARN_BOOL_CONVERSION = YES;
				CLANG_WARN_CONSTANT_CONVERSION = YES;
				CLANG_WARN_DIRECT_OBJC_ISA_USAGE = YES_ERROR;
				CLANG_WARN_EMPTY_BODY = YES;
				CLANG_WARN_ENUM_CONVERSION = YES;
				CLANG_WARN_INT_CONVERSION = YES;
				CLANG_WARN_OBJC_ROOT_CLASS = YES_ERROR;
				CLANG_WARN_UNREACHABLE_CODE = YES;
				CLANG_WARN__DUPLICATE_METHOD_MATCH = YES;
				"CODE_SIGN_IDENTITY[sdk=iphoneos*]" = "iPhone Developer";
				COPY_PHASE_STRIP = NO;
				DEBUG_INFORMATION_FORMAT = dwarf;
				ENABLE_STRICT_OBJC_MSGSEND = YES;
				ENABLE_TESTABILITY = YES;
				GCC_C_LANGUAGE_STANDARD = gnu99;
				GCC_DYNAMIC_NO_PIC = NO;
				GCC_NO_COMMON_BLOCKS = YES;
				GCC_OPTIMIZATION_LEVEL = 0;
				GCC_PREPROCESSOR_DEFINITIONS = (
					"DEBUG=1",
					"$(inherited)",
				);
				GCC_WARN_64_TO_32_BIT_CONVERSION = YES;
				GCC_WARN_ABOUT_RETURN_TYPE = YES_ERROR;
				GCC_WARN_UNDECLARED_SELECTOR = YES;
				GCC_WARN_UNINITIALIZED_AUTOS = YES_AGGRESSIVE;
				GCC_WARN_UNUSED_FUNCTION = YES;
				GCC_WARN_UNUSED_VARIABLE = YES;
				IPHONEOS_DEPLOYMENT_TARGET = 9.3;
				MTL_ENABLE_DEBUG_INFO = YES;
				ONLY_ACTIVE_ARCH = YES;
				SDKROOT = iphoneos;
				SWIFT_OPTIMIZATION_LEVEL = "-Onone";
				TARGETED_DEVICE_FAMILY = "1,2";
			};
			name = Debug;
		};
		B39174EB1D9460FC0019CE14 /* Release */ = {
			isa = XCBuildConfiguration;
			buildSettings = {
				ALWAYS_SEARCH_USER_PATHS = NO;
				CLANG_ANALYZER_NONNULL = YES;
				CLANG_CXX_LANGUAGE_STANDARD = "gnu++0x";
				CLANG_CXX_LIBRARY = "libc++";
				CLANG_ENABLE_MODULES = YES;
				CLANG_ENABLE_OBJC_ARC = YES;
				CLANG_WARN_BOOL_CONVERSION = YES;
				CLANG_WARN_CONSTANT_CONVERSION = YES;
				CLANG_WARN_DIRECT_OBJC_ISA_USAGE = YES_ERROR;
				CLANG_WARN_EMPTY_BODY = YES;
				CLANG_WARN_ENUM_CONVERSION = YES;
				CLANG_WARN_INT_CONVERSION = YES;
				CLANG_WARN_OBJC_ROOT_CLASS = YES_ERROR;
				CLANG_WARN_UNREACHABLE_CODE = YES;
				CLANG_WARN__DUPLICATE_METHOD_MATCH = YES;
				"CODE_SIGN_IDENTITY[sdk=iphoneos*]" = "iPhone Developer";
				COPY_PHASE_STRIP = NO;
				DEBUG_INFORMATION_FORMAT = "dwarf-with-dsym";
				ENABLE_NS_ASSERTIONS = NO;
				ENABLE_STRICT_OBJC_MSGSEND = YES;
				GCC_C_LANGUAGE_STANDARD = gnu99;
				GCC_NO_COMMON_BLOCKS = YES;
				GCC_WARN_64_TO_32_BIT_CONVERSION = YES;
				GCC_WARN_ABOUT_RETURN_TYPE = YES_ERROR;
				GCC_WARN_UNDECLARED_SELECTOR = YES;
				GCC_WARN_UNINITIALIZED_AUTOS = YES_AGGRESSIVE;
				GCC_WARN_UNUSED_FUNCTION = YES;
				GCC_WARN_UNUSED_VARIABLE = YES;
				IPHONEOS_DEPLOYMENT_TARGET = 9.3;
				MTL_ENABLE_DEBUG_INFO = NO;
				SDKROOT = iphoneos;
				TARGETED_DEVICE_FAMILY = "1,2";
				VALIDATE_PRODUCT = YES;
			};
			name = Release;
		};
		B39174ED1D9460FC0019CE14 /* Debug */ = {
			isa = XCBuildConfiguration;
			buildSettings = {
				ASSETCATALOG_COMPILER_APPICON_NAME = AppIcon;
				INFOPLIST_FILE = TipCalculator/Info.plist;
				LD_RUNPATH_SEARCH_PATHS = "$(inherited) @executable_path/Frameworks";
				PRODUCT_BUNDLE_IDENTIFIER = com.naomipetrash.TipCalculator;
				PRODUCT_NAME = "$(TARGET_NAME)";
			};
			name = Debug;
		};
		B39174EE1D9460FC0019CE14 /* Release */ = {
			isa = XCBuildConfiguration;
			buildSettings = {
				ASSETCATALOG_COMPILER_APPICON_NAME = AppIcon;
				INFOPLIST_FILE = TipCalculator/Info.plist;
				LD_RUNPATH_SEARCH_PATHS = "$(inherited) @executable_path/Frameworks";
				PRODUCT_BUNDLE_IDENTIFIER = com.naomipetrash.TipCalculator;
				PRODUCT_NAME = "$(TARGET_NAME)";
			};
			name = Release;
		};
/* End XCBuildConfiguration section */

/* Begin XCConfigurationList section */
		B39174D51D9460FC0019CE14 /* Build configuration list for PBXProject "TipCalculator" */ = {
			isa = XCConfigurationList;
			buildConfigurations = (
				B39174EA1D9460FC0019CE14 /* Debug */,
				B39174EB1D9460FC0019CE14 /* Release */,
			);
			defaultConfigurationIsVisible = 0;
			defaultConfigurationName = Release;
		};
		B39174EC1D9460FC0019CE14 /* Build configuration list for PBXNativeTarget "TipCalculator" */ = {
			isa = XCConfigurationList;
			buildConfigurations = (
				B39174ED1D9460FC0019CE14 /* Debug */,
				B39174EE1D9460FC0019CE14 /* Release */,
			);
			defaultConfigurationIsVisible = 0;
		};
/* End XCConfigurationList section */
	};
	rootObject = B39174D21D9460FC0019CE14 /* Project object */;
}
